
Microsoft Visual Studio Solution File, Format Version 12.00
# Visual Studio Version 17
VisualStudioVersion = 17.3.32922.545
MinimumVisualStudioVersion = 10.0.40219.1
Project("{FAE04EC0-301F-11D3-BF4B-00C04F79EFBC}") = "weatherapp", "weatherapp\weatherapp.csproj", "{D07ED57D-C421-4CD0-9C6F-410F8F225E24}"
EndProject
Global
	GlobalSection(SolutionConfigurationPlatforms) = preSolution
		Debug|Any CPU = Debug|Any CPU
		Release|Any CPU = Release|Any CPU
	EndGlobalSection
	GlobalSection(ProjectConfigurationPlatforms) = postSolution
		{D07ED57D-C421-4CD0-9C6F-410F8F225E24}.Debug|Any CPU.ActiveCfg = Debug|Any CPU
		{D07ED57D-C421-4CD0-9C6F-410F8F225E24}.Debug|Any CPU.Build.0 = Debug|Any CPU
		{D07ED57D-C421-4CD0-9C6F-410F8F225E24}.Release|Any CPU.ActiveCfg = Release|Any CPU
		{D07ED57D-C421-4CD0-9C6F-410F8F225E24}.Release|Any CPU.Build.0 = Release|Any CPU
	EndGlobalSection
	GlobalSection(SolutionProperties) = preSolution
		HideSolutionNode = FALSE
	EndGlobalSection
	GlobalSection(ExtensibilityGlobals) = postSolution
		SolutionGuid = {CB40B2F9-6712-459A-AB7D-51230B6F8DEC}
	EndGlobalSection
EndGlobal
